
Microsoft Visual Studio Solution File, Format Version 12.00
# Visual Studio Version 17
VisualStudioVersion = 17.0.31903.59
MinimumVisualStudioVersion = 10.0.40219.1
Project("{FAE04EC0-301F-11D3-BF4B-00C04F79EFBC}") = "InventoryCycle.Domain", "InventoryCycle.Domain\InventoryCycle.Domain.csproj", "{456357EB-8AE2-4DF1-9A5B-1534BBAF4D9E}"
EndProject
Project("{FAE04EC0-301F-11D3-BF4B-00C04F79EFBC}") = "InventoryCycle.Tests", "InventoryCycle.Tests\InventoryCycle.Tests.csproj", "{2A126BD9-AB6C-4E6B-BA45-78C3251BB4C7}"
EndProject
Global
	GlobalSection(SolutionConfigurationPlatforms) = preSolution
		Debug|Any CPU = Debug|Any CPU
		Release|Any CPU = Release|Any CPU
	EndGlobalSection
	GlobalSection(SolutionProperties) = preSolution
		HideSolutionNode = FALSE
	EndGlobalSection
	GlobalSection(ProjectConfigurationPlatforms) = postSolution
		{456357EB-8AE2-4DF1-9A5B-1534BBAF4D9E}.Debug|Any CPU.ActiveCfg = Debug|Any CPU
		{456357EB-8AE2-4DF1-9A5B-1534BBAF4D9E}.Debug|Any CPU.Build.0 = Debug|Any CPU
		{456357EB-8AE2-4DF1-9A5B-1534BBAF4D9E}.Release|Any CPU.ActiveCfg = Release|Any CPU
		{456357EB-8AE2-4DF1-9A5B-1534BBAF4D9E}.Release|Any CPU.Build.0 = Release|Any CPU
		{2A126BD9-AB6C-4E6B-BA45-78C3251BB4C7}.Debug|Any CPU.ActiveCfg = Debug|Any CPU
		{2A126BD9-AB6C-4E6B-BA45-78C3251BB4C7}.Debug|Any CPU.Build.0 = Debug|Any CPU
		{2A126BD9-AB6C-4E6B-BA45-78C3251BB4C7}.Release|Any CPU.ActiveCfg = Release|Any CPU
		{2A126BD9-AB6C-4E6B-BA45-78C3251BB4C7}.Release|Any CPU.Build.0 = Release|Any CPU
	EndGlobalSection
EndGlobal
